
Microsoft Visual Studio Solution File, Format Version 12.00
# Visual Studio Version 17
VisualStudioVersion = 17.14.36408.4 d17.14
MinimumVisualStudioVersion = 10.0.40219.1
Project("{FAE04EC0-301F-11D3-BF4B-00C04F79EFBC}") = "ContaBancaria", "ContaBancaria\ContaBancaria.csproj", "{81B1A48D-8B62-4E2B-B95F-E424E3F503F6}"
EndProject
Global
	GlobalSection(SolutionConfigurationPlatforms) = preSolution
		Debug|Any CPU = Debug|Any CPU
		Release|Any CPU = Release|Any CPU
	EndGlobalSection
	GlobalSection(ProjectConfigurationPlatforms) = postSolution
		{81B1A48D-8B62-4E2B-B95F-E424E3F503F6}.Debug|Any CPU.ActiveCfg = Debug|Any CPU
		{81B1A48D-8B62-4E2B-B95F-E424E3F503F6}.Debug|Any CPU.Build.0 = Debug|Any CPU
		{81B1A48D-8B62-4E2B-B95F-E424E3F503F6}.Release|Any CPU.ActiveCfg = Release|Any CPU
		{81B1A48D-8B62-4E2B-B95F-E424E3F503F6}.Release|Any CPU.Build.0 = Release|Any CPU
	EndGlobalSection
	GlobalSection(SolutionProperties) = preSolution
		HideSolutionNode = FALSE
	EndGlobalSection
	GlobalSection(ExtensibilityGlobals) = postSolution
		SolutionGuid = {5767076C-C4C8-4B74-96DB-EF4569CD7A37}
	EndGlobalSection
EndGlobal
