
Microsoft Visual Studio Solution File, Format Version 12.00
# Visual Studio Version 17
VisualStudioVersion = 17.14.36408.4 d17.14
MinimumVisualStudioVersion = 10.0.40219.1
Project("{FAE04EC0-301F-11D3-BF4B-00C04F79EFBC}") = "EstruturaWhile", "EstruturaWhile\EstruturaWhile.csproj", "{BC21B6E2-9DA4-4B01-B038-19005FB2FF46}"
EndProject
Global
	GlobalSection(SolutionConfigurationPlatforms) = preSolution
		Debug|Any CPU = Debug|Any CPU
		Release|Any CPU = Release|Any CPU
	EndGlobalSection
	GlobalSection(ProjectConfigurationPlatforms) = postSolution
		{BC21B6E2-9DA4-4B01-B038-19005FB2FF46}.Debug|Any CPU.ActiveCfg = Debug|Any CPU
		{BC21B6E2-9DA4-4B01-B038-19005FB2FF46}.Debug|Any CPU.Build.0 = Debug|Any CPU
		{BC21B6E2-9DA4-4B01-B038-19005FB2FF46}.Release|Any CPU.ActiveCfg = Release|Any CPU
		{BC21B6E2-9DA4-4B01-B038-19005FB2FF46}.Release|Any CPU.Build.0 = Release|Any CPU
	EndGlobalSection
	GlobalSection(SolutionProperties) = preSolution
		HideSolutionNode = FALSE
	EndGlobalSection
	GlobalSection(ExtensibilityGlobals) = postSolution
		SolutionGuid = {F9B60EF1-DD89-4C88-96BD-0F341D4FB0EE}
	EndGlobalSection
EndGlobal
