
Microsoft Visual Studio Solution File, Format Version 12.00
# Visual Studio Version 17
VisualStudioVersion = 17.14.36408.4 d17.14
MinimumVisualStudioVersion = 10.0.40219.1
Project("{FAE04EC0-301F-11D3-BF4B-00C04F79EFBC}") = "EstruturaFor", "EstruturaFor\EstruturaFor.csproj", "{08C8B0BF-E12D-478E-A3EF-70CE4E4BAE09}"
EndProject
Global
	GlobalSection(SolutionConfigurationPlatforms) = preSolution
		Debug|Any CPU = Debug|Any CPU
		Release|Any CPU = Release|Any CPU
	EndGlobalSection
	GlobalSection(ProjectConfigurationPlatforms) = postSolution
		{08C8B0BF-E12D-478E-A3EF-70CE4E4BAE09}.Debug|Any CPU.ActiveCfg = Debug|Any CPU
		{08C8B0BF-E12D-478E-A3EF-70CE4E4BAE09}.Debug|Any CPU.Build.0 = Debug|Any CPU
		{08C8B0BF-E12D-478E-A3EF-70CE4E4BAE09}.Release|Any CPU.ActiveCfg = Release|Any CPU
		{08C8B0BF-E12D-478E-A3EF-70CE4E4BAE09}.Release|Any CPU.Build.0 = Release|Any CPU
	EndGlobalSection
	GlobalSection(SolutionProperties) = preSolution
		HideSolutionNode = FALSE
	EndGlobalSection
	GlobalSection(ExtensibilityGlobals) = postSolution
		SolutionGuid = {6E93296C-1393-49EC-A3FA-50C748ACB14C}
	EndGlobalSection
EndGlobal
