
Microsoft Visual Studio Solution File, Format Version 12.00
# Visual Studio Version 17
VisualStudioVersion = 17.14.36408.4 d17.14
MinimumVisualStudioVersion = 10.0.40219.1
Project("{FAE04EC0-301F-11D3-BF4B-00C04F79EFBC}") = "ConversorDeMoedas", "ConversorDeMoedas\ConversorDeMoedas.csproj", "{10A063D4-E9CD-42A4-8DB4-3C5C0B5F1719}"
EndProject
Global
	GlobalSection(SolutionConfigurationPlatforms) = preSolution
		Debug|Any CPU = Debug|Any CPU
		Release|Any CPU = Release|Any CPU
	EndGlobalSection
	GlobalSection(ProjectConfigurationPlatforms) = postSolution
		{10A063D4-E9CD-42A4-8DB4-3C5C0B5F1719}.Debug|Any CPU.ActiveCfg = Debug|Any CPU
		{10A063D4-E9CD-42A4-8DB4-3C5C0B5F1719}.Debug|Any CPU.Build.0 = Debug|Any CPU
		{10A063D4-E9CD-42A4-8DB4-3C5C0B5F1719}.Release|Any CPU.ActiveCfg = Release|Any CPU
		{10A063D4-E9CD-42A4-8DB4-3C5C0B5F1719}.Release|Any CPU.Build.0 = Release|Any CPU
	EndGlobalSection
	GlobalSection(SolutionProperties) = preSolution
		HideSolutionNode = FALSE
	EndGlobalSection
	GlobalSection(ExtensibilityGlobals) = postSolution
		SolutionGuid = {FB6E082B-4442-421E-A405-4107D763FC1A}
	EndGlobalSection
EndGlobal
